{
    "_readme": [
        "This file locks the dependencies of your project to a known state",
        "Read more about it at https://getcomposer.org/doc/01-basic-usage.md#composer-lock-the-lock-file",
        "This file is @generated automatically"
    ],
    "hash": "c9f89a7f431d707178e0bfad3a32738b",
    "content-hash": "52b2dbd85eae6ca6283e293f7f98d02c",
    "packages": [
        {
            "name": "mibe/feedwriter",
            "version": "v1.0.3",
            "source": {
                "type": "git",
                "url": "https://github.com/mibe/FeedWriter.git",
                "reference": "d8c2814916421231ddb8513db05f182f738d55d0"
            },
            "dist": {
                "type": "zip",
                "url": "https://api.github.com/repos/mibe/FeedWriter/zipball/d8c2814916421231ddb8513db05f182f738d55d0",
                "reference": "d8c2814916421231ddb8513db05f182f738d55d0",
                "shasum": ""
            },
            "require": {
                "php": ">=5.3.0"
            },
            "type": "library",
            "extra": {
                "branch-alias": {
                    "dev-master": "1.0.x-dev"
                }
            },
            "autoload": {
                "classmap": [
                    "ATOM.php",
                    "Feed.php",
                    "Item.php",
                    "RSS1.php",
                    "RSS2.php"
                ]
            },
            "notification-url": "https://packagist.org/downloads/",
            "license": [
                "GPL-3.0"
            ],
            "authors": [
                {
                    "name": "Anis uddin Ahmad"
                },
                {
                    "name": "Michael Bemmerl",
                    "email": "mail@mx-server.de"
                },
                {
                    "name": "Phil Freo"
                },
                {
                    "name": "Paul Ferrett"
                },
                {
                    "name": "Brennen Bearnes"
                },
                {
                    "name": "Michael Robinson",
                    "email": "mike@pagesofinterest.net"
                },
                {
                    "name": "Baptiste Fontaine"
                },
                {
                    "name": "Kristián Valentín"
                },
                {
                    "name": "Brandtley McMinn"
                },
                {
                    "name": "Julian Bogdani"
                }
            ],
            "description": "Generate feeds in either RSS 1.0, RSS 2.0 or ATOM formats",
            "homepage": "https://github.com/mibe/FeedWriter",
            "keywords": [
                "atom",
                "feed",
                "rss"
            ],
            "time": "2015-11-11 22:56:18"
        },
        {
            "name": "michelf/php-markdown",
            "version": "1.5.0",
            "source": {
                "type": "git",
                "url": "https://github.com/michelf/php-markdown.git",
                "reference": "e1aabe18173231ebcefc90e615565742fc1c7fd9"
            },
            "dist": {
                "type": "zip",
                "url": "https://api.github.com/repos/michelf/php-markdown/zipball/e1aabe18173231ebcefc90e615565742fc1c7fd9",
                "reference": "e1aabe18173231ebcefc90e615565742fc1c7fd9",
                "shasum": ""
            },
            "require": {
                "php": ">=5.3.0"
            },
            "type": "library",
            "extra": {
                "branch-alias": {
                    "dev-lib": "1.4.x-dev"
                }
            },
            "autoload": {
                "psr-0": {
                    "Michelf": ""
                }
            },
            "notification-url": "https://packagist.org/downloads/",
            "license": [
                "BSD-3-Clause"
            ],
            "authors": [
                {
                    "name": "John Gruber",
                    "homepage": "http://daringfireball.net/"
                },
                {
                    "name": "Michel Fortin",
                    "email": "michel.fortin@michelf.ca",
                    "homepage": "https://michelf.ca/",
                    "role": "Developer"
                }
            ],
            "description": "PHP Markdown",
            "homepage": "https://michelf.ca/projects/php-markdown/",
            "keywords": [
                "markdown"
            ],
            "time": "2015-03-01 12:03:08"
        },
        {
            "name": "rych/phpass",
            "version": "v2.0.2-p1",
            "source": {
                "type": "git",
                "url": "https://github.com/rchouinard/phpass.git",
                "reference": "728bb4a912402593efa0242acba47b07fca64b96"
            },
            "dist": {
                "type": "zip",
                "url": "https://api.github.com/repos/rchouinard/phpass/zipball/728bb4a912402593efa0242acba47b07fca64b96",
                "reference": "728bb4a912402593efa0242acba47b07fca64b96",
                "shasum": ""
            },
            "require": {
                "php": ">=5.3.7"
            },
            "suggest": {
                "ext-hash": "Enabling the hash extension allows you to combine the included hash adapters with HMAC for an extra layer of security."
            },
            "type": "library",
            "autoload": {
                "psr-0": {
                    "Phpass": "library/"
                }
            },
            "notification-url": "https://packagist.org/downloads/",
            "license": [
                "MIT"
            ],
            "authors": [
                {
                    "name": "Ryan Chouinard",
                    "email": "rchouinard@gmail.com",
                    "homepage": "http://ryanchouinard.com"
                }
            ],
            "description": "PHP Password Library: Easy, secure password management for PHP",
            "homepage": "http://rchouinard.github.com/phpass",
            "keywords": [
                "cryptography",
                "password"
            ],
            "time": "2012-04-25 00:15:13"
        }
    ],
    "packages-dev": [],
    "aliases": [],
    "minimum-stability": "stable",
    "stability-flags": [],
    "prefer-stable": false,
    "prefer-lowest": false,
    "platform": [],
    "platform-dev": []
}
